
Microsoft Visual Studio Solution File, Format Version 12.00
# Visual Studio Version 17
VisualStudioVersion = 17.9.34728.123
MinimumVisualStudioVersion = 10.0.40219.1
Project("{FAE04EC0-301F-11D3-BF4B-00C04F79EFBC}") = "TradeUnionBureauSystem", "TradeUnionBureauSystem\TradeUnionBureauSystem.csproj", "{DAD660F4-17DA-46EF-9976-5C2D7668DE77}"
EndProject
Global
	GlobalSection(SolutionConfigurationPlatforms) = preSolution
		Debug|Any CPU = Debug|Any CPU
		Release|Any CPU = Release|Any CPU
	EndGlobalSection
	GlobalSection(ProjectConfigurationPlatforms) = postSolution
		{DAD660F4-17DA-46EF-9976-5C2D7668DE77}.Debug|Any CPU.ActiveCfg = Debug|Any CPU
		{DAD660F4-17DA-46EF-9976-5C2D7668DE77}.Debug|Any CPU.Build.0 = Debug|Any CPU
		{DAD660F4-17DA-46EF-9976-5C2D7668DE77}.Release|Any CPU.ActiveCfg = Release|Any CPU
		{DAD660F4-17DA-46EF-9976-5C2D7668DE77}.Release|Any CPU.Build.0 = Release|Any CPU
	EndGlobalSection
	GlobalSection(SolutionProperties) = preSolution
		HideSolutionNode = FALSE
	EndGlobalSection
	GlobalSection(ExtensibilityGlobals) = postSolution
		SolutionGuid = {2328D59C-039E-4EAE-A529-3037FA234680}
	EndGlobalSection
EndGlobal
